<?xml version="1.0" encoding="utf-8"?>
<Project ToolsVersion="4.0" xmlns="http://schemas.microsoft.com/developer/msbuild/2003">
  <ItemGroup>
    <Filter Include="Source Files">
      <UniqueIdentifier>{4FC737F1-C7A5-4376-A066-2A32D752A2FF}</UniqueIdentifier>
      <Extensions>cpp;c;cc;cxx;def;odl;idl;hpj;bat;asm;asmx</Extensions>
    </Filter>
    <Filter Include="Header Files">
      <UniqueIdentifier>{93995380-89BD-4b04-88EB-625FBE52EBFB}</UniqueIdentifier>
      <Extensions>h;hh;hpp;hxx;hm;inl;inc;ipp;xsd</Extensions>
    </Filter>
    <Filter Include="Resource Files">
      <UniqueIdentifier>{67DA6AB6-F800-4c08-8B7A-83BB121AAD01}</UniqueIdentifier>
      <Extensions>rc;ico;cur;bmp;dlg;rc2;rct;bin;rgs;gif;jpg;jpeg;jpe;resx;tiff;tif;png;wav;mfcribbon-ms</Extensions>
    </Filter>
    <Filter Include="General Files">
      <UniqueIdentifier>{67d23828-483e-4749-8e3d-217ca14f02e4}</UniqueIdentifier>
    </Filter>
    <Filter Include="General Files\Header Files">
      <UniqueIdentifier>{234d0c02-2379-4505-9101-4834435dc843}</UniqueIdentifier>
    </Filter>
    <Filter Include="General Files\Source Files">
      <UniqueIdentifier>{bad1278c-f5e0-42e1-9dc9-cc0421afa0eb}</UniqueIdentifier>
    </Filter>
    <Filter Include="Header Files\Class">
      <UniqueIdentifier>{560f09be-2d0e-4eb2-ae02-580d0266ed3c}</UniqueIdentifier>
    </Filter>
    <Filter Include="Header Files\Struct">
      <UniqueIdentifier>{42ed12e6-dbc1-4756-8e58-47484419f43f}</UniqueIdentifier>
    </Filter>
    <Filter Include="Source Files\Class">
      <UniqueIdentifier>{408e8c6b-4d60-41e9-9eb7-bde6df07c488}</UniqueIdentifier>
    </Filter>
    <Filter Include="Source Files\Struct">
      <UniqueIdentifier>{0abf2ee1-dcdb-425e-84a7-f1c3316a1873}</UniqueIdentifier>
    </Filter>
  </ItemGroup>
  <ItemGroup>
    <ClCompile Include="Lab3.cpp">
      <Filter>Source Files</Filter>
    </ClCompile>
    <ClCompile Include="Class\DemoClass.cpp">
      <Filter>Source Files\Class</Filter>
    </ClCompile>
    <ClCompile Include="Class\BandClass.cpp">
      <Filter>Source Files\Class</Filter>
    </ClCompile>
    <ClCompile Include="Class\AlbumClass.cpp">
      <Filter>Source Files\Class</Filter>
    </ClCompile>
    <ClCompile Include="Class\FlightClass.cpp">
      <Filter>Source Files\Class</Filter>
    </ClCompile>
    <ClCompile Include="Class\PointClass.cpp">
      <Filter>Source Files\Class</Filter>
    </ClCompile>
    <ClCompile Include="Class\RectangleClass.cpp">
      <Filter>Source Files\Class</Filter>
    </ClCompile>
    <ClCompile Include="Class\SongClass.cpp">
      <Filter>Source Files\Class</Filter>
    </ClCompile>
    <ClCompile Include="Class\TimeClass.cpp">
      <Filter>Source Files\Class</Filter>
    </ClCompile>
    <ClCompile Include="Struct\DemoStruct.cpp">
      <Filter>Source Files\Struct</Filter>
    </ClCompile>
    <ClCompile Include="Struct\Rectangle.cpp">
      <Filter>Source Files\Struct</Filter>
    </ClCompile>
    <ClCompile Include="Struct\Flight.cpp">
      <Filter>Source Files\Struct</Filter>
    </ClCompile>
    <ClCompile Include="Struct\Band.cpp">
      <Filter>Source Files\Struct</Filter>
    </ClCompile>
    <ClCompile Include="Struct\Album.cpp">
      <Filter>Source Files\Struct</Filter>
    </ClCompile>
    <ClCompile Include="Struct\Time.cpp">
      <Filter>Source Files\Struct</Filter>
    </ClCompile>
    <ClCompile Include="Struct\Song.cpp">
      <Filter>Source Files\Struct</Filter>
    </ClCompile>
    <ClCompile Include="Struct\Point.cpp">
      <Filter>Source Files\Struct</Filter>
    </ClCompile>
    <ClCompile Include="Struct\Book.cpp">
      <Filter>Source Files\Struct</Filter>
    </ClCompile>
    <ClCompile Include="Struct\Route.cpp">
      <Filter>Source Files\Struct</Filter>
    </ClCompile>
  </ItemGroup>
  <ItemGroup>
    <ClInclude Include="..\General Files\Read.h">
      <Filter>General Files\Header Files</Filter>
    </ClInclude>
    <ClInclude Include="Genre.h">
      <Filter>Header Files</Filter>
    </ClInclude>
    <ClInclude Include="Class\AlbumClass.h">
      <Filter>Header Files\Class</Filter>
    </ClInclude>
    <ClInclude Include="Class\BandClass.h">
      <Filter>Header Files\Class</Filter>
    </ClInclude>
    <ClInclude Include="Class\SongClass.h">
      <Filter>Header Files\Class</Filter>
    </ClInclude>
    <ClInclude Include="Class\RectangleClass.h">
      <Filter>Header Files\Class</Filter>
    </ClInclude>
    <ClInclude Include="Class\DemoClass.h">
      <Filter>Header Files\Class</Filter>
    </ClInclude>
    <ClInclude Include="Class\FlightClass.h">
      <Filter>Header Files\Class</Filter>
    </ClInclude>
    <ClInclude Include="Class\PointClass.h">
      <Filter>Header Files\Class</Filter>
    </ClInclude>
    <ClInclude Include="Class\TimeClass.h">
      <Filter>Header Files\Class</Filter>
    </ClInclude>
    <ClInclude Include="Struct\DemoStruct.h">
      <Filter>Header Files\Struct</Filter>
    </ClInclude>
    <ClInclude Include="Struct\Band.h">
      <Filter>Header Files\Struct</Filter>
    </ClInclude>
    <ClInclude Include="Struct\Flight.h">
      <Filter>Header Files\Struct</Filter>
    </ClInclude>
    <ClInclude Include="Struct\Rectangle.h">
      <Filter>Header Files\Struct</Filter>
    </ClInclude>
    <ClInclude Include="Struct\Point.h">
      <Filter>Header Files\Struct</Filter>
    </ClInclude>
    <ClInclude Include="Struct\Album.h">
      <Filter>Header Files\Struct</Filter>
    </ClInclude>
    <ClInclude Include="Struct\Song.h">
      <Filter>Header Files\Struct</Filter>
    </ClInclude>
    <ClInclude Include="Struct\Time.h">
      <Filter>Header Files\Struct</Filter>
    </ClInclude>
    <ClInclude Include="Struct\Route.h">
      <Filter>Header Files\Struct</Filter>
    </ClInclude>
    <ClInclude Include="Struct\Book.h">
      <Filter>Header Files\Struct</Filter>
    </ClInclude>
  </ItemGroup>
</Project>