<?xml version="1.0" encoding="utf-8"?>
<Project ToolsVersion="4.0" xmlns="http://schemas.microsoft.com/developer/msbuild/2003">
  <ItemGroup>
    <Filter Include="Source Files">
      <UniqueIdentifier>{4FC737F1-C7A5-4376-A066-2A32D752A2FF}</UniqueIdentifier>
      <Extensions>cpp;c;cc;cxx;def;odl;idl;hpj;bat;asm;asmx</Extensions>
    </Filter>
    <Filter Include="Header Files">
      <UniqueIdentifier>{93995380-89BD-4b04-88EB-625FBE52EBFB}</UniqueIdentifier>
      <Extensions>h;hh;hpp;hxx;hm;inl;inc;ipp;xsd</Extensions>
    </Filter>
    <Filter Include="Resource Files">
      <UniqueIdentifier>{67DA6AB6-F800-4c08-8B7A-83BB121AAD01}</UniqueIdentifier>
      <Extensions>rc;ico;cur;bmp;dlg;rc2;rct;bin;rgs;gif;jpg;jpeg;jpe;resx;tiff;tif;png;wav;mfcribbon-ms</Extensions>
    </Filter>
    <Filter Include="General Files">
      <UniqueIdentifier>{67d23828-483e-4749-8e3d-217ca14f02e4}</UniqueIdentifier>
    </Filter>
    <Filter Include="General Files\Header Files">
      <UniqueIdentifier>{234d0c02-2379-4505-9101-4834435dc843}</UniqueIdentifier>
    </Filter>
    <Filter Include="General Files\Source Files">
      <UniqueIdentifier>{bad1278c-f5e0-42e1-9dc9-cc0421afa0eb}</UniqueIdentifier>
    </Filter>
  </ItemGroup>
  <ItemGroup>
    <ClCompile Include="Lab3.cpp">
      <Filter>Source Files</Filter>
    </ClCompile>
    <ClCompile Include="Book.cpp">
      <Filter>Source Files</Filter>
    </ClCompile>
    <ClCompile Include="Route.cpp">
      <Filter>Source Files</Filter>
    </ClCompile>
    <ClCompile Include="Point.cpp">
      <Filter>Source Files</Filter>
    </ClCompile>
    <ClCompile Include="Rectangle.cpp">
      <Filter>Source Files</Filter>
    </ClCompile>
    <ClCompile Include="Time.cpp">
      <Filter>Source Files</Filter>
    </ClCompile>
    <ClCompile Include="Flight.cpp">
      <Filter>Source Files</Filter>
    </ClCompile>
    <ClCompile Include="Song.cpp">
      <Filter>Source Files</Filter>
    </ClCompile>
    <ClCompile Include="Album.cpp">
      <Filter>Source Files</Filter>
    </ClCompile>
    <ClCompile Include="Band.cpp">
      <Filter>Source Files</Filter>
    </ClCompile>
    <ClCompile Include="PointClass.cpp">
      <Filter>Source Files</Filter>
    </ClCompile>
    <ClCompile Include="RectangleClass.cpp">
      <Filter>Source Files</Filter>
    </ClCompile>
    <ClCompile Include="TimeClass.cpp">
      <Filter>Source Files</Filter>
    </ClCompile>
    <ClCompile Include="FlightClass.cpp">
      <Filter>Source Files</Filter>
    </ClCompile>
    <ClCompile Include="SongClass.cpp">
      <Filter>Source Files</Filter>
    </ClCompile>
    <ClCompile Include="AlbumClass.cpp">
      <Filter>Source Files</Filter>
    </ClCompile>
    <ClCompile Include="BandClass.cpp">
      <Filter>Source Files</Filter>
    </ClCompile>
  </ItemGroup>
  <ItemGroup>
    <ClInclude Include="Book.h">
      <Filter>Header Files</Filter>
    </ClInclude>
    <ClInclude Include="..\General Files\Read.h">
      <Filter>General Files\Header Files</Filter>
    </ClInclude>
    <ClInclude Include="Route.h">
      <Filter>Header Files</Filter>
    </ClInclude>
    <ClInclude Include="Point.h">
      <Filter>Header Files</Filter>
    </ClInclude>
    <ClInclude Include="Rectangle.h">
      <Filter>Header Files</Filter>
    </ClInclude>
    <ClInclude Include="Time.h">
      <Filter>Header Files</Filter>
    </ClInclude>
    <ClInclude Include="Flight.h">
      <Filter>Header Files</Filter>
    </ClInclude>
    <ClInclude Include="Genre.h">
      <Filter>Header Files</Filter>
    </ClInclude>
    <ClInclude Include="Song.h">
      <Filter>Header Files</Filter>
    </ClInclude>
    <ClInclude Include="Album.h">
      <Filter>Header Files</Filter>
    </ClInclude>
    <ClInclude Include="Band.h">
      <Filter>Header Files</Filter>
    </ClInclude>
    <ClInclude Include="RectangleClass.h">
      <Filter>Header Files</Filter>
    </ClInclude>
    <ClInclude Include="PointClass.h">
      <Filter>Header Files</Filter>
    </ClInclude>
    <ClInclude Include="FlightClass.h">
      <Filter>Header Files</Filter>
    </ClInclude>
    <ClInclude Include="TimeClass.h">
      <Filter>Header Files</Filter>
    </ClInclude>
    <ClInclude Include="SongClass.h">
      <Filter>Header Files</Filter>
    </ClInclude>
    <ClInclude Include="AlbumClass.h">
      <Filter>Header Files</Filter>
    </ClInclude>
    <ClInclude Include="BandClass.h">
      <Filter>Header Files</Filter>
    </ClInclude>
  </ItemGroup>
</Project>