<?xml version="1.0" encoding="utf-8"?>
<Project ToolsVersion="4.0" xmlns="http://schemas.microsoft.com/developer/msbuild/2003">
  <ItemGroup>
    <Filter Include="Source Files">
      <UniqueIdentifier>{4FC737F1-C7A5-4376-A066-2A32D752A2FF}</UniqueIdentifier>
      <Extensions>cpp;c;cc;cxx;c++;def;odl;idl;hpj;bat;asm;asmx</Extensions>
    </Filter>
    <Filter Include="Header Files">
      <UniqueIdentifier>{93995380-89BD-4b04-88EB-625FBE52EBFB}</UniqueIdentifier>
      <Extensions>h;hh;hpp;hxx;h++;hm;inl;inc;ipp;xsd</Extensions>
    </Filter>
    <Filter Include="Resource Files">
      <UniqueIdentifier>{67DA6AB6-F800-4c08-8B7A-83BB121AAD01}</UniqueIdentifier>
      <Extensions>rc;ico;cur;bmp;dlg;rc2;rct;bin;rgs;gif;jpg;jpeg;jpe;resx;tiff;tif;png;wav;mfcribbon-ms</Extensions>
    </Filter>
    <Filter Include="5.2">
      <UniqueIdentifier>{c93ecaa6-5bab-46d4-8f69-0aec2902692c}</UniqueIdentifier>
    </Filter>
    <Filter Include="5.2\Header Files">
      <UniqueIdentifier>{89530f3b-0742-42df-9bc1-46bf6c44367b}</UniqueIdentifier>
    </Filter>
    <Filter Include="5.2\Source Files">
      <UniqueIdentifier>{c8a9edf2-1eaa-4e68-b5bf-a0c2022287ee}</UniqueIdentifier>
    </Filter>
  </ItemGroup>
  <ItemGroup>
    <ClCompile Include="Lab5.cpp">
      <Filter>Source Files</Filter>
    </ClCompile>
    <ClCompile Include="Person.cpp">
      <Filter>Source Files</Filter>
    </ClCompile>
    <ClCompile Include="Student.cpp">
      <Filter>Source Files</Filter>
    </ClCompile>
    <ClCompile Include="Teacher.cpp">
      <Filter>Source Files</Filter>
    </ClCompile>
    <ClCompile Include="OutputFunction.cpp">
      <Filter>Source Files</Filter>
    </ClCompile>
    <ClCompile Include="5.2\PaidUser.cpp">
      <Filter>5.2\Source Files</Filter>
    </ClCompile>
    <ClCompile Include="5.2\Post.cpp">
      <Filter>5.2\Source Files</Filter>
    </ClCompile>
    <ClCompile Include="5.2\User.cpp">
      <Filter>5.2\Source Files</Filter>
    </ClCompile>
    <ClCompile Include="Product.cpp">
      <Filter>Source Files</Filter>
    </ClCompile>
    <ClCompile Include="DiscountBase.cpp">
      <Filter>Source Files</Filter>
    </ClCompile>
    <ClCompile Include="PercentDiscount.cpp">
      <Filter>Source Files</Filter>
    </ClCompile>
    <ClCompile Include="CertificateDiscount.cpp">
      <Filter>Source Files</Filter>
    </ClCompile>
    <ClCompile Include="ShowCheckWithDiscount.cpp">
      <Filter>Source Files</Filter>
    </ClCompile>
  </ItemGroup>
  <ItemGroup>
    <ClInclude Include="Person.h">
      <Filter>Header Files</Filter>
    </ClInclude>
    <ClInclude Include="Student.h">
      <Filter>Header Files</Filter>
    </ClInclude>
    <ClInclude Include="Teacher.h">
      <Filter>Header Files</Filter>
    </ClInclude>
    <ClInclude Include="OutputFunction.h">
      <Filter>Header Files</Filter>
    </ClInclude>
    <ClInclude Include="5.2\Login.h">
      <Filter>5.2\Header Files</Filter>
    </ClInclude>
    <ClInclude Include="5.2\PaidUser.h">
      <Filter>5.2\Header Files</Filter>
    </ClInclude>
    <ClInclude Include="5.2\Post.h">
      <Filter>5.2\Header Files</Filter>
    </ClInclude>
    <ClInclude Include="5.2\User.h">
      <Filter>5.2\Header Files</Filter>
    </ClInclude>
    <ClInclude Include="CategoryType.h">
      <Filter>Header Files</Filter>
    </ClInclude>
    <ClInclude Include="Product.h">
      <Filter>Header Files</Filter>
    </ClInclude>
    <ClInclude Include="DiscountBase.h">
      <Filter>Header Files</Filter>
    </ClInclude>
    <ClInclude Include="PercentDiscount.h">
      <Filter>Header Files</Filter>
    </ClInclude>
    <ClInclude Include="CertificateDiscount.h">
      <Filter>Header Files</Filter>
    </ClInclude>
    <ClInclude Include="ShowCheckWithDiscount.h">
      <Filter>Header Files</Filter>
    </ClInclude>
  </ItemGroup>
</Project>