<?xml version="1.0" encoding="utf-8"?>
<Project ToolsVersion="4.0" xmlns="http://schemas.microsoft.com/developer/msbuild/2003">
  <ItemGroup>
    <Filter Include="Source Files">
      <UniqueIdentifier>{4FC737F1-C7A5-4376-A066-2A32D752A2FF}</UniqueIdentifier>
      <Extensions>cpp;c;cc;cxx;c++;def;odl;idl;hpj;bat;asm;asmx</Extensions>
    </Filter>
    <Filter Include="Header Files">
      <UniqueIdentifier>{93995380-89BD-4b04-88EB-625FBE52EBFB}</UniqueIdentifier>
      <Extensions>h;hh;hpp;hxx;h++;hm;inl;inc;ipp;xsd</Extensions>
    </Filter>
    <Filter Include="Resource Files">
      <UniqueIdentifier>{67DA6AB6-F800-4c08-8B7A-83BB121AAD01}</UniqueIdentifier>
      <Extensions>rc;ico;cur;bmp;dlg;rc2;rct;bin;rgs;gif;jpg;jpeg;jpe;resx;tiff;tif;png;wav;mfcribbon-ms</Extensions>
    </Filter>
    <Filter Include="General Files">
      <UniqueIdentifier>{32170883-2735-4cea-b4bb-eaee6bd8c482}</UniqueIdentifier>
    </Filter>
    <Filter Include="General Files\Header Files">
      <UniqueIdentifier>{c0bf2426-9ca8-449f-a1b3-e69d370daf09}</UniqueIdentifier>
    </Filter>
    <Filter Include="General Files\Source Files">
      <UniqueIdentifier>{53596d75-c55e-4b33-8492-873f3794e75e}</UniqueIdentifier>
    </Filter>
  </ItemGroup>
  <ItemGroup>
    <ClCompile Include="Lab4.cpp">
      <Filter>Source Files</Filter>
    </ClCompile>
    <ClCompile Include="Ring.cpp">
      <Filter>Source Files</Filter>
    </ClCompile>
    <ClCompile Include="..\General Files\DoubleValidator.cpp">
      <Filter>General Files\Source Files</Filter>
    </ClCompile>
    <ClCompile Include="..\General Files\PointClass.cpp">
      <Filter>General Files\Source Files</Filter>
    </ClCompile>
    <ClCompile Include="..\General Files\RectangleClass.cpp">
      <Filter>General Files\Source Files</Filter>
    </ClCompile>
    <ClCompile Include="GeometricProgram.cpp">
      <Filter>Source Files</Filter>
    </ClCompile>
    <ClCompile Include="CollisionManager.cpp">
      <Filter>Source Files</Filter>
    </ClCompile>
  </ItemGroup>
  <ItemGroup>
    <ClInclude Include="Ring.h">
      <Filter>Header Files</Filter>
    </ClInclude>
    <ClInclude Include="..\General Files\PointClass.h">
      <Filter>General Files\Header Files</Filter>
    </ClInclude>
    <ClInclude Include="..\General Files\DoubleValidator.h">
      <Filter>General Files\Header Files</Filter>
    </ClInclude>
    <ClInclude Include="..\General Files\RectangleClass.h">
      <Filter>General Files\Header Files</Filter>
    </ClInclude>
    <ClInclude Include="CollisionManager.h">
      <Filter>Header Files</Filter>
    </ClInclude>
    <ClInclude Include="GeometricProgram.h">
      <Filter>Header Files</Filter>
    </ClInclude>
  </ItemGroup>
  <ItemGroup>
    <Image Include="ClassDiagram\uml-diagramLab4.png">
      <Filter>Resource Files</Filter>
    </Image>
  </ItemGroup>
</Project>